
Microsoft Visual Studio Solution File, Format Version 12.00
# Visual Studio Version 16
VisualStudioVersion = 16.0.31313.79
MinimumVisualStudioVersion = 10.0.40219.1
Project("{8BC9CEB8-8B4A-11D0-8D11-00A0C91BC942}") = "pureplayer", "pureplayer.vcxproj", "{199F58E2-ABF0-4ADC-8D2B-A9072A6B9A4D}"
EndProject
Global
	GlobalSection(SolutionConfigurationPlatforms) = preSolution
		Debug|x64 = Debug|x64
		Debug|x86 = Debug|x86
		Release|x64 = Release|x64
		Release|x86 = Release|x86
	EndGlobalSection
	GlobalSection(ProjectConfigurationPlatforms) = postSolution
		{199F58E2-ABF0-4ADC-8D2B-A9072A6B9A4D}.Debug|x64.ActiveCfg = Debug|x64
		{199F58E2-ABF0-4ADC-8D2B-A9072A6B9A4D}.Debug|x64.Build.0 = Debug|x64
		{199F58E2-ABF0-4ADC-8D2B-A9072A6B9A4D}.Debug|x86.ActiveCfg = Debug|Win32
		{199F58E2-ABF0-4ADC-8D2B-A9072A6B9A4D}.Debug|x86.Build.0 = Debug|Win32
		{199F58E2-ABF0-4ADC-8D2B-A9072A6B9A4D}.Release|x64.ActiveCfg = Release|x64
		{199F58E2-ABF0-4ADC-8D2B-A9072A6B9A4D}.Release|x64.Build.0 = Release|x64
		{199F58E2-ABF0-4ADC-8D2B-A9072A6B9A4D}.Release|x86.ActiveCfg = Release|Win32
		{199F58E2-ABF0-4ADC-8D2B-A9072A6B9A4D}.Release|x86.Build.0 = Release|Win32
	EndGlobalSection
	GlobalSection(SolutionProperties) = preSolution
		HideSolutionNode = FALSE
	EndGlobalSection
	GlobalSection(ExtensibilityGlobals) = postSolution
		SolutionGuid = {93A3FCA3-81E3-4CAB-BB86-996A1642C1C1}
	EndGlobalSection
EndGlobal
